
Microsoft Visual Studio Solution File, Format Version 12.00
# Visual Studio 15
VisualStudioVersion = 15.0.28307.757
MinimumVisualStudioVersion = 10.0.40219.1
Project("{FAE04EC0-301F-11D3-BF4B-00C04F79EFBC}") = "CG", "CG\CG.csproj", "{3DC45DBE-C47C-41A0-BBC0-5915894CA2C1}"
EndProject
Project("{FAE04EC0-301F-11D3-BF4B-00C04F79EFBC}") = "Public", "..\PublicPackage\Public\Public.csproj", "{B38DCF6E-6388-44A8-8102-ABA592691D31}"
EndProject
Project("{FAE04EC0-301F-11D3-BF4B-00C04F79EFBC}") = "MyUtils", "..\PublicPackage\MyUtils\MyUtils.csproj", "{F9629731-616D-41A5-A06B-CEB08A1C2AC8}"
EndProject
Project("{FAE04EC0-301F-11D3-BF4B-00C04F79EFBC}") = "HeibernateManager", "..\PublicPackage\HeibernateManager\HeibernateManager.csproj", "{CEC2F665-B674-4E26-80AE-97525582A919}"
EndProject
Project("{FAE04EC0-301F-11D3-BF4B-00C04F79EFBC}") = "ArcGisManager", "..\PublicPackage\ArcGisManager\ArcGisManager.csproj", "{D1518449-88DD-4511-84BB-6A3F1B129A87}"
EndProject
Project("{FAE04EC0-301F-11D3-BF4B-00C04F79EFBC}") = "ExcelManager", "..\PublicPackage\ExcelManager\ExcelManager.csproj", "{08C0793B-2ADE-492D-9D22-DA8F8E85D3EF}"
EndProject
Project("{FAE04EC0-301F-11D3-BF4B-00C04F79EFBC}") = "FileManager", "..\PublicPackage\FileManager\FileManager.csproj", "{1C1D0938-2AAB-4EC4-9325-91D00E105B66}"
EndProject
Project("{FAE04EC0-301F-11D3-BF4B-00C04F79EFBC}") = "ProgressTask", "..\PublicPackage\ProgressTask\ProgressTask.csproj", "{3BA95155-F1F0-44C1-BCF2-8AB77CDFE515}"
EndProject
Project("{FAE04EC0-301F-11D3-BF4B-00C04F79EFBC}") = "ReflectManager", "..\PublicPackage\ReflectManager\ReflectManager.csproj", "{CE3218F3-A0DF-48AE-92A5-94FDD043DE1F}"
EndProject
Project("{FAE04EC0-301F-11D3-BF4B-00C04F79EFBC}") = "SmallFeature", "..\PublicPackage\SmallFeature\SmallFeature.csproj", "{CD9FF01B-DD91-4E51-BCD2-B24759771B64}"
EndProject
Project("{FAE04EC0-301F-11D3-BF4B-00C04F79EFBC}") = "WordManager", "..\PublicPackage\WordManager\WordManager.csproj", "{4F1CD486-6819-47D0-997C-EDF50470B31E}"
EndProject
Project("{FAE04EC0-301F-11D3-BF4B-00C04F79EFBC}") = "WPFManager", "..\PublicPackage\WPFManager\WPFManager.csproj", "{2345CBA3-C15D-4E04-B8B4-D7644999EDE4}"
EndProject
Project("{FAE04EC0-301F-11D3-BF4B-00C04F79EFBC}") = "WPFTemplate", "..\PublicPackage\WPFTemplate\WPFTemplate.csproj", "{815A2642-729B-4263-9AE2-184DD671874E}"
EndProject
Project("{FAE04EC0-301F-11D3-BF4B-00C04F79EFBC}") = "ArcMapManager", "..\PublicPackage\ArcMapManager\ArcMapManager.csproj", "{26BD0D85-7588-4C4A-B3B1-29A882CA3BDC}"
EndProject
Project("{FAE04EC0-301F-11D3-BF4B-00C04F79EFBC}") = "Config", "..\PublicPackage\Config\Config.csproj", "{2EDCE644-A0B0-4BCD-B899-41B77B6E3D1F}"
EndProject
Project("{FAE04EC0-301F-11D3-BF4B-00C04F79EFBC}") = "JTSYQManager", "JTSYQManager\JTSYQManager.csproj", "{1F65B9E8-C53C-4D39-BA0F-8B1F49E615C5}"
EndProject
Project("{FAE04EC0-301F-11D3-BF4B-00C04F79EFBC}") = "ZaiJiDi", "ZaiJiDi\ZaiJiDi.csproj", "{CC09FE57-31AC-48C1-807C-536BE90350E8}"
EndProject
Project("{FAE04EC0-301F-11D3-BF4B-00C04F79EFBC}") = "CBD", "CBD\CBD.csproj", "{BB7535E3-3707-4236-8C32-97D4E86212F7}"
EndProject
Global
	GlobalSection(SolutionConfigurationPlatforms) = preSolution
		Debug|Any CPU = Debug|Any CPU
		Debug|x86 = Debug|x86
		Release|Any CPU = Release|Any CPU
		Release|x86 = Release|x86
	EndGlobalSection
	GlobalSection(ProjectConfigurationPlatforms) = postSolution
		{3DC45DBE-C47C-41A0-BBC0-5915894CA2C1}.Debug|Any CPU.ActiveCfg = Debug|Any CPU
		{3DC45DBE-C47C-41A0-BBC0-5915894CA2C1}.Debug|Any CPU.Build.0 = Debug|Any CPU
		{3DC45DBE-C47C-41A0-BBC0-5915894CA2C1}.Debug|x86.ActiveCfg = Debug|Any CPU
		{3DC45DBE-C47C-41A0-BBC0-5915894CA2C1}.Debug|x86.Build.0 = Debug|Any CPU
		{3DC45DBE-C47C-41A0-BBC0-5915894CA2C1}.Release|Any CPU.ActiveCfg = Release|Any CPU
		{3DC45DBE-C47C-41A0-BBC0-5915894CA2C1}.Release|Any CPU.Build.0 = Release|Any CPU
		{3DC45DBE-C47C-41A0-BBC0-5915894CA2C1}.Release|x86.ActiveCfg = Release|Any CPU
		{3DC45DBE-C47C-41A0-BBC0-5915894CA2C1}.Release|x86.Build.0 = Release|Any CPU
		{B38DCF6E-6388-44A8-8102-ABA592691D31}.Debug|Any CPU.ActiveCfg = Debug|Any CPU
		{B38DCF6E-6388-44A8-8102-ABA592691D31}.Debug|Any CPU.Build.0 = Debug|Any CPU
		{B38DCF6E-6388-44A8-8102-ABA592691D31}.Debug|x86.ActiveCfg = Debug|Any CPU
		{B38DCF6E-6388-44A8-8102-ABA592691D31}.Debug|x86.Build.0 = Debug|Any CPU
		{B38DCF6E-6388-44A8-8102-ABA592691D31}.Release|Any CPU.ActiveCfg = Release|Any CPU
		{B38DCF6E-6388-44A8-8102-ABA592691D31}.Release|Any CPU.Build.0 = Release|Any CPU
		{B38DCF6E-6388-44A8-8102-ABA592691D31}.Release|x86.ActiveCfg = Release|Any CPU
		{B38DCF6E-6388-44A8-8102-ABA592691D31}.Release|x86.Build.0 = Release|Any CPU
		{F9629731-616D-41A5-A06B-CEB08A1C2AC8}.Debug|Any CPU.ActiveCfg = Debug|Any CPU
		{F9629731-616D-41A5-A06B-CEB08A1C2AC8}.Debug|Any CPU.Build.0 = Debug|Any CPU
		{F9629731-616D-41A5-A06B-CEB08A1C2AC8}.Debug|x86.ActiveCfg = Debug|x86
		{F9629731-616D-41A5-A06B-CEB08A1C2AC8}.Debug|x86.Build.0 = Debug|x86
		{F9629731-616D-41A5-A06B-CEB08A1C2AC8}.Release|Any CPU.ActiveCfg = Release|Any CPU
		{F9629731-616D-41A5-A06B-CEB08A1C2AC8}.Release|Any CPU.Build.0 = Release|Any CPU
		{F9629731-616D-41A5-A06B-CEB08A1C2AC8}.Release|x86.ActiveCfg = Release|x86
		{F9629731-616D-41A5-A06B-CEB08A1C2AC8}.Release|x86.Build.0 = Release|x86
		{CEC2F665-B674-4E26-80AE-97525582A919}.Debug|Any CPU.ActiveCfg = Debug|Any CPU
		{CEC2F665-B674-4E26-80AE-97525582A919}.Debug|Any CPU.Build.0 = Debug|Any CPU
		{CEC2F665-B674-4E26-80AE-97525582A919}.Debug|x86.ActiveCfg = Debug|Any CPU
		{CEC2F665-B674-4E26-80AE-97525582A919}.Debug|x86.Build.0 = Debug|Any CPU
		{CEC2F665-B674-4E26-80AE-97525582A919}.Release|Any CPU.ActiveCfg = Release|Any CPU
		{CEC2F665-B674-4E26-80AE-97525582A919}.Release|Any CPU.Build.0 = Release|Any CPU
		{CEC2F665-B674-4E26-80AE-97525582A919}.Release|x86.ActiveCfg = Release|Any CPU
		{CEC2F665-B674-4E26-80AE-97525582A919}.Release|x86.Build.0 = Release|Any CPU
		{D1518449-88DD-4511-84BB-6A3F1B129A87}.Debug|Any CPU.ActiveCfg = Debug|Any CPU
		{D1518449-88DD-4511-84BB-6A3F1B129A87}.Debug|Any CPU.Build.0 = Debug|Any CPU
		{D1518449-88DD-4511-84BB-6A3F1B129A87}.Debug|x86.ActiveCfg = Debug|Any CPU
		{D1518449-88DD-4511-84BB-6A3F1B129A87}.Debug|x86.Build.0 = Debug|Any CPU
		{D1518449-88DD-4511-84BB-6A3F1B129A87}.Release|Any CPU.ActiveCfg = Release|Any CPU
		{D1518449-88DD-4511-84BB-6A3F1B129A87}.Release|Any CPU.Build.0 = Release|Any CPU
		{D1518449-88DD-4511-84BB-6A3F1B129A87}.Release|x86.ActiveCfg = Release|Any CPU
		{D1518449-88DD-4511-84BB-6A3F1B129A87}.Release|x86.Build.0 = Release|Any CPU
		{08C0793B-2ADE-492D-9D22-DA8F8E85D3EF}.Debug|Any CPU.ActiveCfg = Debug|Any CPU
		{08C0793B-2ADE-492D-9D22-DA8F8E85D3EF}.Debug|Any CPU.Build.0 = Debug|Any CPU
		{08C0793B-2ADE-492D-9D22-DA8F8E85D3EF}.Debug|x86.ActiveCfg = Debug|x86
		{08C0793B-2ADE-492D-9D22-DA8F8E85D3EF}.Debug|x86.Build.0 = Debug|x86
		{08C0793B-2ADE-492D-9D22-DA8F8E85D3EF}.Release|Any CPU.ActiveCfg = Release|Any CPU
		{08C0793B-2ADE-492D-9D22-DA8F8E85D3EF}.Release|Any CPU.Build.0 = Release|Any CPU
		{08C0793B-2ADE-492D-9D22-DA8F8E85D3EF}.Release|x86.ActiveCfg = Release|x86
		{08C0793B-2ADE-492D-9D22-DA8F8E85D3EF}.Release|x86.Build.0 = Release|x86
		{1C1D0938-2AAB-4EC4-9325-91D00E105B66}.Debug|Any CPU.ActiveCfg = Debug|Any CPU
		{1C1D0938-2AAB-4EC4-9325-91D00E105B66}.Debug|Any CPU.Build.0 = Debug|Any CPU
		{1C1D0938-2AAB-4EC4-9325-91D00E105B66}.Debug|x86.ActiveCfg = Debug|x86
		{1C1D0938-2AAB-4EC4-9325-91D00E105B66}.Debug|x86.Build.0 = Debug|x86
		{1C1D0938-2AAB-4EC4-9325-91D00E105B66}.Release|Any CPU.ActiveCfg = Release|Any CPU
		{1C1D0938-2AAB-4EC4-9325-91D00E105B66}.Release|Any CPU.Build.0 = Release|Any CPU
		{1C1D0938-2AAB-4EC4-9325-91D00E105B66}.Release|x86.ActiveCfg = Release|x86
		{1C1D0938-2AAB-4EC4-9325-91D00E105B66}.Release|x86.Build.0 = Release|x86
		{3BA95155-F1F0-44C1-BCF2-8AB77CDFE515}.Debug|Any CPU.ActiveCfg = Debug|Any CPU
		{3BA95155-F1F0-44C1-BCF2-8AB77CDFE515}.Debug|Any CPU.Build.0 = Debug|Any CPU
		{3BA95155-F1F0-44C1-BCF2-8AB77CDFE515}.Debug|x86.ActiveCfg = Debug|Any CPU
		{3BA95155-F1F0-44C1-BCF2-8AB77CDFE515}.Debug|x86.Build.0 = Debug|Any CPU
		{3BA95155-F1F0-44C1-BCF2-8AB77CDFE515}.Release|Any CPU.ActiveCfg = Release|Any CPU
		{3BA95155-F1F0-44C1-BCF2-8AB77CDFE515}.Release|Any CPU.Build.0 = Release|Any CPU
		{3BA95155-F1F0-44C1-BCF2-8AB77CDFE515}.Release|x86.ActiveCfg = Release|Any CPU
		{3BA95155-F1F0-44C1-BCF2-8AB77CDFE515}.Release|x86.Build.0 = Release|Any CPU
		{CE3218F3-A0DF-48AE-92A5-94FDD043DE1F}.Debug|Any CPU.ActiveCfg = Debug|Any CPU
		{CE3218F3-A0DF-48AE-92A5-94FDD043DE1F}.Debug|Any CPU.Build.0 = Debug|Any CPU
		{CE3218F3-A0DF-48AE-92A5-94FDD043DE1F}.Debug|x86.ActiveCfg = Debug|x86
		{CE3218F3-A0DF-48AE-92A5-94FDD043DE1F}.Debug|x86.Build.0 = Debug|x86
		{CE3218F3-A0DF-48AE-92A5-94FDD043DE1F}.Release|Any CPU.ActiveCfg = Release|Any CPU
		{CE3218F3-A0DF-48AE-92A5-94FDD043DE1F}.Release|Any CPU.Build.0 = Release|Any CPU
		{CE3218F3-A0DF-48AE-92A5-94FDD043DE1F}.Release|x86.ActiveCfg = Release|x86
		{CE3218F3-A0DF-48AE-92A5-94FDD043DE1F}.Release|x86.Build.0 = Release|x86
		{CD9FF01B-DD91-4E51-BCD2-B24759771B64}.Debug|Any CPU.ActiveCfg = Debug|Any CPU
		{CD9FF01B-DD91-4E51-BCD2-B24759771B64}.Debug|Any CPU.Build.0 = Debug|Any CPU
		{CD9FF01B-DD91-4E51-BCD2-B24759771B64}.Debug|x86.ActiveCfg = Debug|Any CPU
		{CD9FF01B-DD91-4E51-BCD2-B24759771B64}.Debug|x86.Build.0 = Debug|Any CPU
		{CD9FF01B-DD91-4E51-BCD2-B24759771B64}.Release|Any CPU.ActiveCfg = Release|Any CPU
		{CD9FF01B-DD91-4E51-BCD2-B24759771B64}.Release|Any CPU.Build.0 = Release|Any CPU
		{CD9FF01B-DD91-4E51-BCD2-B24759771B64}.Release|x86.ActiveCfg = Release|Any CPU
		{CD9FF01B-DD91-4E51-BCD2-B24759771B64}.Release|x86.Build.0 = Release|Any CPU
		{4F1CD486-6819-47D0-997C-EDF50470B31E}.Debug|Any CPU.ActiveCfg = Debug|Any CPU
		{4F1CD486-6819-47D0-997C-EDF50470B31E}.Debug|Any CPU.Build.0 = Debug|Any CPU
		{4F1CD486-6819-47D0-997C-EDF50470B31E}.Debug|x86.ActiveCfg = Debug|Any CPU
		{4F1CD486-6819-47D0-997C-EDF50470B31E}.Debug|x86.Build.0 = Debug|Any CPU
		{4F1CD486-6819-47D0-997C-EDF50470B31E}.Release|Any CPU.ActiveCfg = Release|Any CPU
		{4F1CD486-6819-47D0-997C-EDF50470B31E}.Release|Any CPU.Build.0 = Release|Any CPU
		{4F1CD486-6819-47D0-997C-EDF50470B31E}.Release|x86.ActiveCfg = Release|Any CPU
		{4F1CD486-6819-47D0-997C-EDF50470B31E}.Release|x86.Build.0 = Release|Any CPU
		{2345CBA3-C15D-4E04-B8B4-D7644999EDE4}.Debug|Any CPU.ActiveCfg = Debug|Any CPU
		{2345CBA3-C15D-4E04-B8B4-D7644999EDE4}.Debug|Any CPU.Build.0 = Debug|Any CPU
		{2345CBA3-C15D-4E04-B8B4-D7644999EDE4}.Debug|x86.ActiveCfg = Debug|Any CPU
		{2345CBA3-C15D-4E04-B8B4-D7644999EDE4}.Debug|x86.Build.0 = Debug|Any CPU
		{2345CBA3-C15D-4E04-B8B4-D7644999EDE4}.Release|Any CPU.ActiveCfg = Release|Any CPU
		{2345CBA3-C15D-4E04-B8B4-D7644999EDE4}.Release|Any CPU.Build.0 = Release|Any CPU
		{2345CBA3-C15D-4E04-B8B4-D7644999EDE4}.Release|x86.ActiveCfg = Release|Any CPU
		{2345CBA3-C15D-4E04-B8B4-D7644999EDE4}.Release|x86.Build.0 = Release|Any CPU
		{815A2642-729B-4263-9AE2-184DD671874E}.Debug|Any CPU.ActiveCfg = Debug|Any CPU
		{815A2642-729B-4263-9AE2-184DD671874E}.Debug|Any CPU.Build.0 = Debug|Any CPU
		{815A2642-729B-4263-9AE2-184DD671874E}.Debug|x86.ActiveCfg = Debug|Any CPU
		{815A2642-729B-4263-9AE2-184DD671874E}.Debug|x86.Build.0 = Debug|Any CPU
		{815A2642-729B-4263-9AE2-184DD671874E}.Release|Any CPU.ActiveCfg = Release|Any CPU
		{815A2642-729B-4263-9AE2-184DD671874E}.Release|Any CPU.Build.0 = Release|Any CPU
		{815A2642-729B-4263-9AE2-184DD671874E}.Release|x86.ActiveCfg = Release|Any CPU
		{815A2642-729B-4263-9AE2-184DD671874E}.Release|x86.Build.0 = Release|Any CPU
		{26BD0D85-7588-4C4A-B3B1-29A882CA3BDC}.Debug|Any CPU.ActiveCfg = Debug|Any CPU
		{26BD0D85-7588-4C4A-B3B1-29A882CA3BDC}.Debug|Any CPU.Build.0 = Debug|Any CPU
		{26BD0D85-7588-4C4A-B3B1-29A882CA3BDC}.Debug|x86.ActiveCfg = Debug|Any CPU
		{26BD0D85-7588-4C4A-B3B1-29A882CA3BDC}.Debug|x86.Build.0 = Debug|Any CPU
		{26BD0D85-7588-4C4A-B3B1-29A882CA3BDC}.Release|Any CPU.ActiveCfg = Release|Any CPU
		{26BD0D85-7588-4C4A-B3B1-29A882CA3BDC}.Release|Any CPU.Build.0 = Release|Any CPU
		{26BD0D85-7588-4C4A-B3B1-29A882CA3BDC}.Release|x86.ActiveCfg = Release|Any CPU
		{26BD0D85-7588-4C4A-B3B1-29A882CA3BDC}.Release|x86.Build.0 = Release|Any CPU
		{2EDCE644-A0B0-4BCD-B899-41B77B6E3D1F}.Debug|Any CPU.ActiveCfg = Debug|Any CPU
		{2EDCE644-A0B0-4BCD-B899-41B77B6E3D1F}.Debug|Any CPU.Build.0 = Debug|Any CPU
		{2EDCE644-A0B0-4BCD-B899-41B77B6E3D1F}.Debug|x86.ActiveCfg = Debug|Any CPU
		{2EDCE644-A0B0-4BCD-B899-41B77B6E3D1F}.Debug|x86.Build.0 = Debug|Any CPU
		{2EDCE644-A0B0-4BCD-B899-41B77B6E3D1F}.Release|Any CPU.ActiveCfg = Release|Any CPU
		{2EDCE644-A0B0-4BCD-B899-41B77B6E3D1F}.Release|Any CPU.Build.0 = Release|Any CPU
		{2EDCE644-A0B0-4BCD-B899-41B77B6E3D1F}.Release|x86.ActiveCfg = Release|Any CPU
		{2EDCE644-A0B0-4BCD-B899-41B77B6E3D1F}.Release|x86.Build.0 = Release|Any CPU
		{1F65B9E8-C53C-4D39-BA0F-8B1F49E615C5}.Debug|Any CPU.ActiveCfg = Debug|Any CPU
		{1F65B9E8-C53C-4D39-BA0F-8B1F49E615C5}.Debug|Any CPU.Build.0 = Debug|Any CPU
		{1F65B9E8-C53C-4D39-BA0F-8B1F49E615C5}.Debug|x86.ActiveCfg = Debug|Any CPU
		{1F65B9E8-C53C-4D39-BA0F-8B1F49E615C5}.Debug|x86.Build.0 = Debug|Any CPU
		{1F65B9E8-C53C-4D39-BA0F-8B1F49E615C5}.Release|Any CPU.ActiveCfg = Release|Any CPU
		{1F65B9E8-C53C-4D39-BA0F-8B1F49E615C5}.Release|Any CPU.Build.0 = Release|Any CPU
		{1F65B9E8-C53C-4D39-BA0F-8B1F49E615C5}.Release|x86.ActiveCfg = Release|Any CPU
		{1F65B9E8-C53C-4D39-BA0F-8B1F49E615C5}.Release|x86.Build.0 = Release|Any CPU
		{CC09FE57-31AC-48C1-807C-536BE90350E8}.Debug|Any CPU.ActiveCfg = Debug|Any CPU
		{CC09FE57-31AC-48C1-807C-536BE90350E8}.Debug|Any CPU.Build.0 = Debug|Any CPU
		{CC09FE57-31AC-48C1-807C-536BE90350E8}.Debug|x86.ActiveCfg = Debug|Any CPU
		{CC09FE57-31AC-48C1-807C-536BE90350E8}.Debug|x86.Build.0 = Debug|Any CPU
		{CC09FE57-31AC-48C1-807C-536BE90350E8}.Release|Any CPU.ActiveCfg = Release|Any CPU
		{CC09FE57-31AC-48C1-807C-536BE90350E8}.Release|Any CPU.Build.0 = Release|Any CPU
		{CC09FE57-31AC-48C1-807C-536BE90350E8}.Release|x86.ActiveCfg = Release|Any CPU
		{CC09FE57-31AC-48C1-807C-536BE90350E8}.Release|x86.Build.0 = Release|Any CPU
		{BB7535E3-3707-4236-8C32-97D4E86212F7}.Debug|Any CPU.ActiveCfg = Debug|Any CPU
		{BB7535E3-3707-4236-8C32-97D4E86212F7}.Debug|Any CPU.Build.0 = Debug|Any CPU
		{BB7535E3-3707-4236-8C32-97D4E86212F7}.Debug|x86.ActiveCfg = Debug|Any CPU
		{BB7535E3-3707-4236-8C32-97D4E86212F7}.Debug|x86.Build.0 = Debug|Any CPU
		{BB7535E3-3707-4236-8C32-97D4E86212F7}.Release|Any CPU.ActiveCfg = Release|Any CPU
		{BB7535E3-3707-4236-8C32-97D4E86212F7}.Release|Any CPU.Build.0 = Release|Any CPU
		{BB7535E3-3707-4236-8C32-97D4E86212F7}.Release|x86.ActiveCfg = Release|Any CPU
		{BB7535E3-3707-4236-8C32-97D4E86212F7}.Release|x86.Build.0 = Release|Any CPU
	EndGlobalSection
	GlobalSection(SolutionProperties) = preSolution
		HideSolutionNode = FALSE
	EndGlobalSection
	GlobalSection(ExtensibilityGlobals) = postSolution
		SolutionGuid = {DAC6F974-5342-404E-A40B-6EB071BEA28D}
	EndGlobalSection
EndGlobal
